
Microsoft Visual Studio Solution File, Format Version 11.00
# Visual Studio 2010
Project("{FAE04EC0-301F-11D3-BF4B-00C04F79EFBC}") = "HarryPotter", "HarryPotter\HarryPotter.csproj", "{C9BF30E2-1D63-4D63-AEEE-56D5A0EBF86F}"
EndProject
Project("{FAE04EC0-301F-11D3-BF4B-00C04F79EFBC}") = "TestHarryPotter", "TestHarryPotter\TestHarryPotter.csproj", "{86090B47-30B2-4676-BD51-7F56A86A121F}"
EndProject
Project("{2150E333-8FDC-42A3-9474-1A3956D46DE8}") = "Solution Items", "Solution Items", "{220AE76A-3939-4081-9119-64EDACD127BD}"
	ProjectSection(SolutionItems) = preProject
		HarryPotter.vsmdi = HarryPotter.vsmdi
		Local.testsettings = Local.testsettings
		TraceAndTestImpact.testsettings = TraceAndTestImpact.testsettings
	EndProjectSection
EndProject
Global
	GlobalSection(TestCaseManagementSettings) = postSolution
		CategoryFile = HarryPotter.vsmdi
	EndGlobalSection
	GlobalSection(SolutionConfigurationPlatforms) = preSolution
		Debug|Any CPU = Debug|Any CPU
		Debug|Mixed Platforms = Debug|Mixed Platforms
		Debug|x86 = Debug|x86
		Release|Any CPU = Release|Any CPU
		Release|Mixed Platforms = Release|Mixed Platforms
		Release|x86 = Release|x86
	EndGlobalSection
	GlobalSection(ProjectConfigurationPlatforms) = postSolution
		{C9BF30E2-1D63-4D63-AEEE-56D5A0EBF86F}.Debug|Any CPU.ActiveCfg = Debug|x86
		{C9BF30E2-1D63-4D63-AEEE-56D5A0EBF86F}.Debug|Mixed Platforms.ActiveCfg = Debug|x86
		{C9BF30E2-1D63-4D63-AEEE-56D5A0EBF86F}.Debug|Mixed Platforms.Build.0 = Debug|x86
		{C9BF30E2-1D63-4D63-AEEE-56D5A0EBF86F}.Debug|x86.ActiveCfg = Debug|x86
		{C9BF30E2-1D63-4D63-AEEE-56D5A0EBF86F}.Debug|x86.Build.0 = Debug|x86
		{C9BF30E2-1D63-4D63-AEEE-56D5A0EBF86F}.Release|Any CPU.ActiveCfg = Release|x86
		{C9BF30E2-1D63-4D63-AEEE-56D5A0EBF86F}.Release|Mixed Platforms.ActiveCfg = Release|x86
		{C9BF30E2-1D63-4D63-AEEE-56D5A0EBF86F}.Release|Mixed Platforms.Build.0 = Release|x86
		{C9BF30E2-1D63-4D63-AEEE-56D5A0EBF86F}.Release|x86.ActiveCfg = Release|x86
		{C9BF30E2-1D63-4D63-AEEE-56D5A0EBF86F}.Release|x86.Build.0 = Release|x86
		{86090B47-30B2-4676-BD51-7F56A86A121F}.Debug|Any CPU.ActiveCfg = Debug|Any CPU
		{86090B47-30B2-4676-BD51-7F56A86A121F}.Debug|Any CPU.Build.0 = Debug|Any CPU
		{86090B47-30B2-4676-BD51-7F56A86A121F}.Debug|Mixed Platforms.ActiveCfg = Debug|Any CPU
		{86090B47-30B2-4676-BD51-7F56A86A121F}.Debug|Mixed Platforms.Build.0 = Debug|Any CPU
		{86090B47-30B2-4676-BD51-7F56A86A121F}.Debug|x86.ActiveCfg = Debug|Any CPU
		{86090B47-30B2-4676-BD51-7F56A86A121F}.Release|Any CPU.ActiveCfg = Release|Any CPU
		{86090B47-30B2-4676-BD51-7F56A86A121F}.Release|Any CPU.Build.0 = Release|Any CPU
		{86090B47-30B2-4676-BD51-7F56A86A121F}.Release|Mixed Platforms.ActiveCfg = Release|Any CPU
		{86090B47-30B2-4676-BD51-7F56A86A121F}.Release|Mixed Platforms.Build.0 = Release|Any CPU
		{86090B47-30B2-4676-BD51-7F56A86A121F}.Release|x86.ActiveCfg = Release|Any CPU
	EndGlobalSection
	GlobalSection(SolutionProperties) = preSolution
		HideSolutionNode = FALSE
	EndGlobalSection
EndGlobal
